// !$*UTF8*$!
{
	archiveVersion = 1;
	classes = {
	};
	objectVersion = 50;
	objects = {

/* Begin PBXBuildFile section */
		C9671E752482624300C43AEB /* Extensions.swift in Sources */ = {isa = PBXBuildFile; fileRef = C9671E742482624300C43AEB /* Extensions.swift */; };
		C97B97772483C69400ADB5B7 /* ImageCache.swift in Sources */ = {isa = PBXBuildFile; fileRef = C97B97762483C69400ADB5B7 /* ImageCache.swift */; };
		C97B97792483C70300ADB5B7 /* UrlImageModel.swift in Sources */ = {isa = PBXBuildFile; fileRef = C97B97782483C70300ADB5B7 /* UrlImageModel.swift */; };
		C97B977B2483E93200ADB5B7 /* ThumbScrollView.swift in Sources */ = {isa = PBXBuildFile; fileRef = C97B977A2483E93200ADB5B7 /* ThumbScrollView.swift */; };
		C97CA4B62483F5BD00318798 /* AlbumDetails.swift in Sources */ = {isa = PBXBuildFile; fileRef = C97CA4B52483F5BD00318798 /* AlbumDetails.swift */; };
		C98EF8B62473239A0000C147 /* NetworkManager.swift in Sources */ = {isa = PBXBuildFile; fileRef = C98EF8B52473239A0000C147 /* NetworkManager.swift */; };
		C98EF8B8247323D50000C147 /* Artists.swift in Sources */ = {isa = PBXBuildFile; fileRef = C98EF8B7247323D50000C147 /* Artists.swift */; };
		C9C5A4842489140000EB4A23 /* ArtistView.swift in Sources */ = {isa = PBXBuildFile; fileRef = C9C5A4832489140000EB4A23 /* ArtistView.swift */; };
		C9C5A4862489164F00EB4A23 /* Styles.swift in Sources */ = {isa = PBXBuildFile; fileRef = C9C5A4852489164F00EB4A23 /* Styles.swift */; };
		C9C5A488248916CE00EB4A23 /* Readme.md in Resources */ = {isa = PBXBuildFile; fileRef = C9C5A487248916CE00EB4A23 /* Readme.md */; };
		C9E8EB0A247AB9CC0066FD86 /* Albums.swift in Sources */ = {isa = PBXBuildFile; fileRef = C9E8EB09247AB9CC0066FD86 /* Albums.swift */; };
		C9F6D69324718FC200BDA0B8 /* AppDelegate.swift in Sources */ = {isa = PBXBuildFile; fileRef = C9F6D69224718FC200BDA0B8 /* AppDelegate.swift */; };
		C9F6D69524718FC200BDA0B8 /* SceneDelegate.swift in Sources */ = {isa = PBXBuildFile; fileRef = C9F6D69424718FC200BDA0B8 /* SceneDelegate.swift */; };
		C9F6D69724718FC200BDA0B8 /* ContentView.swift in Sources */ = {isa = PBXBuildFile; fileRef = C9F6D69624718FC200BDA0B8 /* ContentView.swift */; };
		C9F6D69924718FC300BDA0B8 /* Assets.xcassets in Resources */ = {isa = PBXBuildFile; fileRef = C9F6D69824718FC300BDA0B8 /* Assets.xcassets */; };
		C9F6D69C24718FC300BDA0B8 /* Preview Assets.xcassets in Resources */ = {isa = PBXBuildFile; fileRef = C9F6D69B24718FC300BDA0B8 /* Preview Assets.xcassets */; };
		C9F6D69F24718FC300BDA0B8 /* LaunchScreen.storyboard in Resources */ = {isa = PBXBuildFile; fileRef = C9F6D69D24718FC300BDA0B8 /* LaunchScreen.storyboard */; };
/* End PBXBuildFile section */

/* Begin PBXFileReference section */
		C9671E742482624300C43AEB /* Extensions.swift */ = {isa = PBXFileReference; lastKnownFileType = sourcecode.swift; path = Extensions.swift; sourceTree = "<group>"; };
		C97B97762483C69400ADB5B7 /* ImageCache.swift */ = {isa = PBXFileReference; lastKnownFileType = sourcecode.swift; path = ImageCache.swift; sourceTree = "<group>"; };
		C97B97782483C70300ADB5B7 /* UrlImageModel.swift */ = {isa = PBXFileReference; lastKnownFileType = sourcecode.swift; path = UrlImageModel.swift; sourceTree = "<group>"; };
		C97B977A2483E93200ADB5B7 /* ThumbScrollView.swift */ = {isa = PBXFileReference; lastKnownFileType = sourcecode.swift; path = ThumbScrollView.swift; sourceTree = "<group>"; };
		C97CA4B52483F5BD00318798 /* AlbumDetails.swift */ = {isa = PBXFileReference; lastKnownFileType = sourcecode.swift; path = AlbumDetails.swift; sourceTree = "<group>"; };
		C98EF8B52473239A0000C147 /* NetworkManager.swift */ = {isa = PBXFileReference; lastKnownFileType = sourcecode.swift; path = NetworkManager.swift; sourceTree = "<group>"; };
		C98EF8B7247323D50000C147 /* Artists.swift */ = {isa = PBXFileReference; lastKnownFileType = sourcecode.swift; path = Artists.swift; sourceTree = "<group>"; };
		C9C5A4832489140000EB4A23 /* ArtistView.swift */ = {isa = PBXFileReference; lastKnownFileType = sourcecode.swift; path = ArtistView.swift; sourceTree = "<group>"; };
		C9C5A4852489164F00EB4A23 /* Styles.swift */ = {isa = PBXFileReference; lastKnownFileType = sourcecode.swift; path = Styles.swift; sourceTree = "<group>"; };
		C9C5A487248916CE00EB4A23 /* Readme.md */ = {isa = PBXFileReference; lastKnownFileType = net.daringfireball.markdown; path = Readme.md; sourceTree = "<group>"; };
		C9E8EB09247AB9CC0066FD86 /* Albums.swift */ = {isa = PBXFileReference; lastKnownFileType = sourcecode.swift; path = Albums.swift; sourceTree = "<group>"; };
		C9F6D68F24718FC200BDA0B8 /* MusBase.app */ = {isa = PBXFileReference; explicitFileType = wrapper.application; includeInIndex = 0; path = MusBase.app; sourceTree = BUILT_PRODUCTS_DIR; };
		C9F6D69224718FC200BDA0B8 /* AppDelegate.swift */ = {isa = PBXFileReference; lastKnownFileType = sourcecode.swift; path = AppDelegate.swift; sourceTree = "<group>"; };
		C9F6D69424718FC200BDA0B8 /* SceneDelegate.swift */ = {isa = PBXFileReference; lastKnownFileType = sourcecode.swift; path = SceneDelegate.swift; sourceTree = "<group>"; };
		C9F6D69624718FC200BDA0B8 /* ContentView.swift */ = {isa = PBXFileReference; lastKnownFileType = sourcecode.swift; path = ContentView.swift; sourceTree = "<group>"; };
		C9F6D69824718FC300BDA0B8 /* Assets.xcassets */ = {isa = PBXFileReference; lastKnownFileType = folder.assetcatalog; path = Assets.xcassets; sourceTree = "<group>"; };
		C9F6D69B24718FC300BDA0B8 /* Preview Assets.xcassets */ = {isa = PBXFileReference; lastKnownFileType = folder.assetcatalog; path = "Preview Assets.xcassets"; sourceTree = "<group>"; };
		C9F6D69E24718FC300BDA0B8 /* Base */ = {isa = PBXFileReference; lastKnownFileType = file.storyboard; name = Base; path = Base.lproj/LaunchScreen.storyboard; sourceTree = "<group>"; };
		C9F6D6A024718FC300BDA0B8 /* Info.plist */ = {isa = PBXFileReference; lastKnownFileType = text.plist.xml; path = Info.plist; sourceTree = "<group>"; };
/* End PBXFileReference section */

/* Begin PBXFrameworksBuildPhase section */
		C9F6D68C24718FC200BDA0B8 /* Frameworks */ = {
			isa = PBXFrameworksBuildPhase;
			buildActionMask = 2147483647;
			files = (
			);
			runOnlyForDeploymentPostprocessing = 0;
		};
/* End PBXFrameworksBuildPhase section */

/* Begin PBXGroup section */
		C9671E762482624C00C43AEB /* Model */ = {
			isa = PBXGroup;
			children = (
				C9671E742482624300C43AEB /* Extensions.swift */,
				C98EF8B9247323DD0000C147 /* Network */,
			);
			path = Model;
			sourceTree = "<group>";
		};
		C97B977C2483F1D300ADB5B7 /* View */ = {
			isa = PBXGroup;
			children = (
				C9F6D69624718FC200BDA0B8 /* ContentView.swift */,
				C9C5A4832489140000EB4A23 /* ArtistView.swift */,
				C9C5A4852489164F00EB4A23 /* Styles.swift */,
				C97CA4B52483F5BD00318798 /* AlbumDetails.swift */,
				C97B977A2483E93200ADB5B7 /* ThumbScrollView.swift */,
			);
			path = View;
			sourceTree = "<group>";
		};
		C98EF8B9247323DD0000C147 /* Network */ = {
			isa = PBXGroup;
			children = (
				C98EF8B52473239A0000C147 /* NetworkManager.swift */,
				C97B97762483C69400ADB5B7 /* ImageCache.swift */,
				C97B97782483C70300ADB5B7 /* UrlImageModel.swift */,
				C98EF8B7247323D50000C147 /* Artists.swift */,
				C9E8EB09247AB9CC0066FD86 /* Albums.swift */,
			);
			path = Network;
			sourceTree = "<group>";
		};
		C9F6D68624718FC200BDA0B8 = {
			isa = PBXGroup;
			children = (
				C9C5A487248916CE00EB4A23 /* Readme.md */,
				C9F6D69124718FC200BDA0B8 /* MusBase */,
				C9F6D69024718FC200BDA0B8 /* Products */,
			);
			sourceTree = "<group>";
		};
		C9F6D69024718FC200BDA0B8 /* Products */ = {
			isa = PBXGroup;
			children = (
				C9F6D68F24718FC200BDA0B8 /* MusBase.app */,
			);
			name = Products;
			sourceTree = "<group>";
		};
		C9F6D69124718FC200BDA0B8 /* MusBase */ = {
			isa = PBXGroup;
			children = (
				C9F6D69224718FC200BDA0B8 /* AppDelegate.swift */,
				C9F6D69424718FC200BDA0B8 /* SceneDelegate.swift */,
				C97B977C2483F1D300ADB5B7 /* View */,
				C9671E762482624C00C43AEB /* Model */,
				C9F6D69824718FC300BDA0B8 /* Assets.xcassets */,
				C9F6D69D24718FC300BDA0B8 /* LaunchScreen.storyboard */,
				C9F6D6A024718FC300BDA0B8 /* Info.plist */,
				C9F6D69A24718FC300BDA0B8 /* Preview Content */,
			);
			path = MusBase;
			sourceTree = "<group>";
		};
		C9F6D69A24718FC300BDA0B8 /* Preview Content */ = {
			isa = PBXGroup;
			children = (
				C9F6D69B24718FC300BDA0B8 /* Preview Assets.xcassets */,
			);
			path = "Preview Content";
			sourceTree = "<group>";
		};
/* End PBXGroup section */

/* Begin PBXNativeTarget section */
		C9F6D68E24718FC200BDA0B8 /* MusBase */ = {
			isa = PBXNativeTarget;
			buildConfigurationList = C9F6D6A324718FC300BDA0B8 /* Build configuration list for PBXNativeTarget "MusBase" */;
			buildPhases = (
				C9F6D68B24718FC200BDA0B8 /* Sources */,
				C9F6D68C24718FC200BDA0B8 /* Frameworks */,
				C9F6D68D24718FC200BDA0B8 /* Resources */,
			);
			buildRules = (
			);
			dependencies = (
			);
			name = MusBase;
			productName = MusBase;
			productReference = C9F6D68F24718FC200BDA0B8 /* MusBase.app */;
			productType = "com.apple.product-type.application";
		};
/* End PBXNativeTarget section */

/* Begin PBXProject section */
		C9F6D68724718FC200BDA0B8 /* Project object */ = {
			isa = PBXProject;
			attributes = {
				LastSwiftUpdateCheck = 1130;
				LastUpgradeCheck = 1130;
				ORGANIZATIONNAME = Start;
				TargetAttributes = {
					C9F6D68E24718FC200BDA0B8 = {
						CreatedOnToolsVersion = 11.3.1;
					};
				};
			};
			buildConfigurationList = C9F6D68A24718FC200BDA0B8 /* Build configuration list for PBXProject "MusBase" */;
			compatibilityVersion = "Xcode 9.3";
			developmentRegion = en;
			hasScannedForEncodings = 0;
			knownRegions = (
				en,
				Base,
			);
			mainGroup = C9F6D68624718FC200BDA0B8;
			productRefGroup = C9F6D69024718FC200BDA0B8 /* Products */;
			projectDirPath = "";
			projectRoot = "";
			targets = (
				C9F6D68E24718FC200BDA0B8 /* MusBase */,
			);
		};
/* End PBXProject section */

/* Begin PBXResourcesBuildPhase section */
		C9F6D68D24718FC200BDA0B8 /* Resources */ = {
			isa = PBXResourcesBuildPhase;
			buildActionMask = 2147483647;
			files = (
				C9F6D69F24718FC300BDA0B8 /* LaunchScreen.storyboard in Resources */,
				C9F6D69C24718FC300BDA0B8 /* Preview Assets.xcassets in Resources */,
				C9C5A488248916CE00EB4A23 /* Readme.md in Resources */,
				C9F6D69924718FC300BDA0B8 /* Assets.xcassets in Resources */,
			);
			runOnlyForDeploymentPostprocessing = 0;
		};
/* End PBXResourcesBuildPhase section */

/* Begin PBXSourcesBuildPhase section */
		C9F6D68B24718FC200BDA0B8 /* Sources */ = {
			isa = PBXSourcesBuildPhase;
			buildActionMask = 2147483647;
			files = (
				C98EF8B62473239A0000C147 /* NetworkManager.swift in Sources */,
				C9F6D69324718FC200BDA0B8 /* AppDelegate.swift in Sources */,
				C9C5A4862489164F00EB4A23 /* Styles.swift in Sources */,
				C9F6D69524718FC200BDA0B8 /* SceneDelegate.swift in Sources */,
				C97B977B2483E93200ADB5B7 /* ThumbScrollView.swift in Sources */,
				C9671E752482624300C43AEB /* Extensions.swift in Sources */,
				C9C5A4842489140000EB4A23 /* ArtistView.swift in Sources */,
				C97CA4B62483F5BD00318798 /* AlbumDetails.swift in Sources */,
				C97B97792483C70300ADB5B7 /* UrlImageModel.swift in Sources */,
				C97B97772483C69400ADB5B7 /* ImageCache.swift in Sources */,
				C9E8EB0A247AB9CC0066FD86 /* Albums.swift in Sources */,
				C98EF8B8247323D50000C147 /* Artists.swift in Sources */,
				C9F6D69724718FC200BDA0B8 /* ContentView.swift in Sources */,
			);
			runOnlyForDeploymentPostprocessing = 0;
		};
/* End PBXSourcesBuildPhase section */

/* Begin PBXVariantGroup section */
		C9F6D69D24718FC300BDA0B8 /* LaunchScreen.storyboard */ = {
			isa = PBXVariantGroup;
			children = (
				C9F6D69E24718FC300BDA0B8 /* Base */,
			);
			name = LaunchScreen.storyboard;
			sourceTree = "<group>";
		};
/* End PBXVariantGroup section */

/* Begin XCBuildConfiguration section */
		C9F6D6A124718FC300BDA0B8 /* Debug */ = {
			isa = XCBuildConfiguration;
			buildSettings = {
				ALWAYS_SEARCH_USER_PATHS = NO;
				CLANG_ANALYZER_NONNULL = YES;
				CLANG_ANALYZER_NUMBER_OBJECT_CONVERSION = YES_AGGRESSIVE;
				CLANG_CXX_LANGUAGE_STANDARD = "gnu++14";
				CLANG_CXX_LIBRARY = "libc++";
				CLANG_ENABLE_MODULES = YES;
				CLANG_ENABLE_OBJC_ARC = YES;
				CLANG_ENABLE_OBJC_WEAK = YES;
				CLANG_WARN_BLOCK_CAPTURE_AUTORELEASING = YES;
				CLANG_WARN_BOOL_CONVERSION = YES;
				CLANG_WARN_COMMA = YES;
				CLANG_WARN_CONSTANT_CONVERSION = YES;
				CLANG_WARN_DEPRECATED_OBJC_IMPLEMENTATIONS = YES;
				CLANG_WARN_DIRECT_OBJC_ISA_USAGE = YES_ERROR;
				CLANG_WARN_DOCUMENTATION_COMMENTS = YES;
				CLANG_WARN_EMPTY_BODY = YES;
				CLANG_WARN_ENUM_CONVERSION = YES;
				CLANG_WARN_INFINITE_RECURSION = YES;
				CLANG_WARN_INT_CONVERSION = YES;
				CLANG_WARN_NON_LITERAL_NULL_CONVERSION = YES;
				CLANG_WARN_OBJC_IMPLICIT_RETAIN_SELF = YES;
				CLANG_WARN_OBJC_LITERAL_CONVERSION = YES;
				CLANG_WARN_OBJC_ROOT_CLASS = YES_ERROR;
				CLANG_WARN_RANGE_LOOP_ANALYSIS = YES;
				CLANG_WARN_STRICT_PROTOTYPES = YES;
				CLANG_WARN_SUSPICIOUS_MOVE = YES;
				CLANG_WARN_UNGUARDED_AVAILABILITY = YES_AGGRESSIVE;
				CLANG_WARN_UNREACHABLE_CODE = YES;
				CLANG_WARN__DUPLICATE_METHOD_MATCH = YES;
				COPY_PHASE_STRIP = NO;
				DEBUG_INFORMATION_FORMAT = dwarf;
				ENABLE_STRICT_OBJC_MSGSEND = YES;
				ENABLE_TESTABILITY = YES;
				GCC_C_LANGUAGE_STANDARD = gnu11;
				GCC_DYNAMIC_NO_PIC = NO;
				GCC_NO_COMMON_BLOCKS = YES;
				GCC_OPTIMIZATION_LEVEL = 0;
				GCC_PREPROCESSOR_DEFINITIONS = (
					"DEBUG=1",
					"$(inherited)",
				);
				GCC_WARN_64_TO_32_BIT_CONVERSION = YES;
				GCC_WARN_ABOUT_RETURN_TYPE = YES_ERROR;
				GCC_WARN_UNDECLARED_SELECTOR = YES;
				GCC_WARN_UNINITIALIZED_AUTOS = YES_AGGRESSIVE;
				GCC_WARN_UNUSED_FUNCTION = YES;
				GCC_WARN_UNUSED_VARIABLE = YES;
				IPHONEOS_DEPLOYMENT_TARGET = 13.2;
				MTL_ENABLE_DEBUG_INFO = INCLUDE_SOURCE;
				MTL_FAST_MATH = YES;
				ONLY_ACTIVE_ARCH = YES;
				SDKROOT = iphoneos;
				SWIFT_ACTIVE_COMPILATION_CONDITIONS = DEBUG;
				SWIFT_OPTIMIZATION_LEVEL = "-Onone";
			};
			name = Debug;
		};
		C9F6D6A224718FC300BDA0B8 /* Release */ = {
			isa = XCBuildConfiguration;
			buildSettings = {
				ALWAYS_SEARCH_USER_PATHS = NO;
				CLANG_ANALYZER_NONNULL = YES;
				CLANG_ANALYZER_NUMBER_OBJECT_CONVERSION = YES_AGGRESSIVE;
				CLANG_CXX_LANGUAGE_STANDARD = "gnu++14";
				CLANG_CXX_LIBRARY = "libc++";
				CLANG_ENABLE_MODULES = YES;
				CLANG_ENABLE_OBJC_ARC = YES;
				CLANG_ENABLE_OBJC_WEAK = YES;
				CLANG_WARN_BLOCK_CAPTURE_AUTORELEASING = YES;
				CLANG_WARN_BOOL_CONVERSION = YES;
				CLANG_WARN_COMMA = YES;
				CLANG_WARN_CONSTANT_CONVERSION = YES;
				CLANG_WARN_DEPRECATED_OBJC_IMPLEMENTATIONS = YES;
				CLANG_WARN_DIRECT_OBJC_ISA_USAGE = YES_ERROR;
				CLANG_WARN_DOCUMENTATION_COMMENTS = YES;
				CLANG_WARN_EMPTY_BODY = YES;
				CLANG_WARN_ENUM_CONVERSION = YES;
				CLANG_WARN_INFINITE_RECURSION = YES;
				CLANG_WARN_INT_CONVERSION = YES;
				CLANG_WARN_NON_LITERAL_NULL_CONVERSION = YES;
				CLANG_WARN_OBJC_IMPLICIT_RETAIN_SELF = YES;
				CLANG_WARN_OBJC_LITERAL_CONVERSION = YES;
				CLANG_WARN_OBJC_ROOT_CLASS = YES_ERROR;
				CLANG_WARN_RANGE_LOOP_ANALYSIS = YES;
				CLANG_WARN_STRICT_PROTOTYPES = YES;
				CLANG_WARN_SUSPICIOUS_MOVE = YES;
				CLANG_WARN_UNGUARDED_AVAILABILITY = YES_AGGRESSIVE;
				CLANG_WARN_UNREACHABLE_CODE = YES;
				CLANG_WARN__DUPLICATE_METHOD_MATCH = YES;
				COPY_PHASE_STRIP = NO;
				DEBUG_INFORMATION_FORMAT = "dwarf-with-dsym";
				ENABLE_NS_ASSERTIONS = NO;
				ENABLE_STRICT_OBJC_MSGSEND = YES;
				GCC_C_LANGUAGE_STANDARD = gnu11;
				GCC_NO_COMMON_BLOCKS = YES;
				GCC_WARN_64_TO_32_BIT_CONVERSION = YES;
				GCC_WARN_ABOUT_RETURN_TYPE = YES_ERROR;
				GCC_WARN_UNDECLARED_SELECTOR = YES;
				GCC_WARN_UNINITIALIZED_AUTOS = YES_AGGRESSIVE;
				GCC_WARN_UNUSED_FUNCTION = YES;
				GCC_WARN_UNUSED_VARIABLE = YES;
				IPHONEOS_DEPLOYMENT_TARGET = 13.2;
				MTL_ENABLE_DEBUG_INFO = NO;
				MTL_FAST_MATH = YES;
				SDKROOT = iphoneos;
				SWIFT_COMPILATION_MODE = wholemodule;
				SWIFT_OPTIMIZATION_LEVEL = "-O";
				VALIDATE_PRODUCT = YES;
			};
			name = Release;
		};
		C9F6D6A424718FC300BDA0B8 /* Debug */ = {
			isa = XCBuildConfiguration;
			buildSettings = {
				ASSETCATALOG_COMPILER_APPICON_NAME = AppIcon;
				CODE_SIGN_STYLE = Automatic;
				DEVELOPMENT_ASSET_PATHS = "\"MusBase/Preview Content\"";
				DEVELOPMENT_TEAM = 93SC7DB8DP;
				ENABLE_PREVIEWS = YES;
				INFOPLIST_FILE = MusBase/Info.plist;
				LD_RUNPATH_SEARCH_PATHS = (
					"$(inherited)",
					"@executable_path/Frameworks",
				);
				PRODUCT_BUNDLE_IDENTIFIER = com.piotrglaza.MusBase;
				PRODUCT_NAME = "$(TARGET_NAME)";
				SWIFT_VERSION = 5.0;
				TARGETED_DEVICE_FAMILY = "1,2";
			};
			name = Debug;
		};
		C9F6D6A524718FC300BDA0B8 /* Release */ = {
			isa = XCBuildConfiguration;
			buildSettings = {
				ASSETCATALOG_COMPILER_APPICON_NAME = AppIcon;
				CODE_SIGN_STYLE = Automatic;
				DEVELOPMENT_ASSET_PATHS = "\"MusBase/Preview Content\"";
				DEVELOPMENT_TEAM = 93SC7DB8DP;
				ENABLE_PREVIEWS = YES;
				INFOPLIST_FILE = MusBase/Info.plist;
				LD_RUNPATH_SEARCH_PATHS = (
					"$(inherited)",
					"@executable_path/Frameworks",
				);
				PRODUCT_BUNDLE_IDENTIFIER = com.piotrglaza.MusBase;
				PRODUCT_NAME = "$(TARGET_NAME)";
				SWIFT_VERSION = 5.0;
				TARGETED_DEVICE_FAMILY = "1,2";
			};
			name = Release;
		};
/* End XCBuildConfiguration section */

/* Begin XCConfigurationList section */
		C9F6D68A24718FC200BDA0B8 /* Build configuration list for PBXProject "MusBase" */ = {
			isa = XCConfigurationList;
			buildConfigurations = (
				C9F6D6A124718FC300BDA0B8 /* Debug */,
				C9F6D6A224718FC300BDA0B8 /* Release */,
			);
			defaultConfigurationIsVisible = 0;
			defaultConfigurationName = Release;
		};
		C9F6D6A324718FC300BDA0B8 /* Build configuration list for PBXNativeTarget "MusBase" */ = {
			isa = XCConfigurationList;
			buildConfigurations = (
				C9F6D6A424718FC300BDA0B8 /* Debug */,
				C9F6D6A524718FC300BDA0B8 /* Release */,
			);
			defaultConfigurationIsVisible = 0;
			defaultConfigurationName = Release;
		};
/* End XCConfigurationList section */
	};
	rootObject = C9F6D68724718FC200BDA0B8 /* Project object */;
}
